PODS:
  - DACircularProgress (2.3.1)
  - FLAnimatedImage (1.0.12)
  - pop (1.0.9)
  - SDWebImage (4.0.0):
    - SDWebImage/Core (= 4.0.0)
  - SDWebImage/Core (4.0.0)

DEPENDENCIES:
  - DACircularProgress
  - FLAnimatedImage
  - pop
  - SDWebImage

SPEC CHECKSUMS:
  DACircularProgress: 4dd437c0fc3da5161cb289e07ac449493d41db71
  FLAnimatedImage: 4a0b56255d9b05f18b6dd7ee06871be5d3b89e31
  pop: f667631a5108a2e60d9e8797c9b32ddaf2080bce
  SDWebImage: 76a6348bdc74eb5a55dd08a091ef298e56b55e41

PODFILE CHECKSUM: 0d095000fa6800a63eef424df00c8134d98417fd

COCOAPODS: 1.2.0
